// !$*UTF8*$!
{
	archiveVersion = 1;
	classes = {
	};
	objectVersion = 77;
	objects = {

/* Begin PBXBuildFile section */
		07D0BFDACC1FB58BE4377D4F /* PDFViewModel.swift in Sources */ = {isa = PBXBuildFile; fileRef = A1F795DF9AB681243170EF1F /* PDFViewModel.swift */; };
		09F9443B4CDB5C516BD89221 /* CompressionSettings.swift in Sources */ = {isa = PBXBuildFile; fileRef = FABCB02F0BD5DCD92CDCD7FB /* CompressionSettings.swift */; };
		10F7C2A8145AA74061F3707D /* FileListView.swift in Sources */ = {isa = PBXBuildFile; fileRef = FBEB6F1164047FC4BABD7274 /* FileListView.swift */; };
		119D1503BE00C631C5CC5E26 /* ContentView.swift in Sources */ = {isa = PBXBuildFile; fileRef = 75FC1BBD8845880AA05E861A /* ContentView.swift */; };
		2BB0B57E938247C99CDFC8E0 /* AppSettings.swift in Sources */ = {isa = PBXBuildFile; fileRef = 52784B6085D4E9E0B7F8C7F5 /* AppSettings.swift */; };
		31A8FDE191D603D6148D4A96 /* FileValidatorService.swift in Sources */ = {isa = PBXBuildFile; fileRef = F43403DA69BCBA6CED0D2CC5 /* FileValidatorService.swift */; };
		39CF11A932176CBFF0A2F7C5 /* DropZoneView.swift in Sources */ = {isa = PBXBuildFile; fileRef = 23947425EA0A526B420A170B /* DropZoneView.swift */; };
		408C738B7EC9D5F53276FCE4 /* CombineView.swift in Sources */ = {isa = PBXBuildFile; fileRef = 5356DC6E5E5C0C41355361F7 /* CombineView.swift */; };
		6FEC2CE917133E9783480572 /* PDFMergerService.swift in Sources */ = {isa = PBXBuildFile; fileRef = E2D5D500A1C5ABBC25099024 /* PDFMergerService.swift */; };
		7F43A58A833A3F7307A733EC /* PDFStitchApp.swift in Sources */ = {isa = PBXBuildFile; fileRef = 5C478EB90847E60CCDBD368C /* PDFStitchApp.swift */; };
		A63DD984F2F53A17DD59947C /* CompressView.swift in Sources */ = {isa = PBXBuildFile; fileRef = B953675E7A663DA8B213BC80 /* CompressView.swift */; };
		A643951F45BB27E0FF166FA2 /* PDFCompressorService.swift in Sources */ = {isa = PBXBuildFile; fileRef = 644654B98C146F0FAA582C16 /* PDFCompressorService.swift */; };
		AB99336CB6155FCE63285B6D /* FileSize+Formatter.swift in Sources */ = {isa = PBXBuildFile; fileRef = 773DDB3E905B27CC070917FF /* FileSize+Formatter.swift */; };
		AC40C0BE9664BBD705DFEB1E /* SidebarView.swift in Sources */ = {isa = PBXBuildFile; fileRef = F99592C97105B555156BDD1C /* SidebarView.swift */; };
		AD480DDC2F4EF4BF3D19DAF4 /* PDFFileItem.swift in Sources */ = {isa = PBXBuildFile; fileRef = CB5A47748F96D6E609F75460 /* PDFFileItem.swift */; };
		D632C895B8990D61020066FE /* Color+Theme.swift in Sources */ = {isa = PBXBuildFile; fileRef = 36028FC91A1C4651717AB123 /* Color+Theme.swift */; };
		E1E208BB8EA476EF08DC6C85 /* FileRowView.swift in Sources */ = {isa = PBXBuildFile; fileRef = 0FEEB5782485ACE9C66F7794 /* FileRowView.swift */; };
		EA26878483C60A2BE2F9E12B /* SettingsView.swift in Sources */ = {isa = PBXBuildFile; fileRef = E92E42B02BBAF8D9418F3EE7 /* SettingsView.swift */; };
		EAFF34C8E13F4B976C13152A /* ActionBar.swift in Sources */ = {isa = PBXBuildFile; fileRef = 92D5AAE0888029B0C95FA2E9 /* ActionBar.swift */; };
		EE020D1D3DE8626F8806FC13 /* ProgressOverlay.swift in Sources */ = {isa = PBXBuildFile; fileRef = E4B696530639B81DD2BB1E1B /* ProgressOverlay.swift */; };
		F624402D033924456F88CCCB /* Assets.xcassets in Resources */ = {isa = PBXBuildFile; fileRef = 08C8D6F4F5BEE6E1BE020B0D /* Assets.xcassets */; };
/* End PBXBuildFile section */

/* Begin PBXFileReference section */
		08C8D6F4F5BEE6E1BE020B0D /* Assets.xcassets */ = {isa = PBXFileReference; lastKnownFileType = folder.assetcatalog; path = Assets.xcassets; sourceTree = "<group>"; };
		0FEEB5782485ACE9C66F7794 /* FileRowView.swift */ = {isa = PBXFileReference; lastKnownFileType = sourcecode.swift; path = FileRowView.swift; sourceTree = "<group>"; };
		23947425EA0A526B420A170B /* DropZoneView.swift */ = {isa = PBXFileReference; lastKnownFileType = sourcecode.swift; path = DropZoneView.swift; sourceTree = "<group>"; };
		36028FC91A1C4651717AB123 /* Color+Theme.swift */ = {isa = PBXFileReference; lastKnownFileType = sourcecode.swift; path = "Color+Theme.swift"; sourceTree = "<group>"; };
		52784B6085D4E9E0B7F8C7F5 /* AppSettings.swift */ = {isa = PBXFileReference; lastKnownFileType = sourcecode.swift; path = AppSettings.swift; sourceTree = "<group>"; };
		5356DC6E5E5C0C41355361F7 /* CombineView.swift */ = {isa = PBXFileReference; lastKnownFileType = sourcecode.swift; path = CombineView.swift; sourceTree = "<group>"; };
		5C478EB90847E60CCDBD368C /* PDFStitchApp.swift */ = {isa = PBXFileReference; lastKnownFileType = sourcecode.swift; path = PDFStitchApp.swift; sourceTree = "<group>"; };
		644654B98C146F0FAA582C16 /* PDFCompressorService.swift */ = {isa = PBXFileReference; lastKnownFileType = sourcecode.swift; path = PDFCompressorService.swift; sourceTree = "<group>"; };
		75FC1BBD8845880AA05E861A /* ContentView.swift */ = {isa = PBXFileReference; lastKnownFileType = sourcecode.swift; path = ContentView.swift; sourceTree = "<group>"; };
		773DDB3E905B27CC070917FF /* FileSize+Formatter.swift */ = {isa = PBXFileReference; lastKnownFileType = sourcecode.swift; path = "FileSize+Formatter.swift"; sourceTree = "<group>"; };
		7E2352A25068C38466457735 /* PDFStitch.entitlements */ = {isa = PBXFileReference; lastKnownFileType = text.plist.entitlements; path = PDFStitch.entitlements; sourceTree = "<group>"; };
		92D5AAE0888029B0C95FA2E9 /* ActionBar.swift */ = {isa = PBXFileReference; lastKnownFileType = sourcecode.swift; path = ActionBar.swift; sourceTree = "<group>"; };
		937C43058B03D057BCE4B3B0 /* PDFStitch.app */ = {isa = PBXFileReference; explicitFileType = wrapper.application; includeInIndex = 0; path = PDFStitch.app; sourceTree = BUILT_PRODUCTS_DIR; };
		A1F795DF9AB681243170EF1F /* PDFViewModel.swift */ = {isa = PBXFileReference; lastKnownFileType = sourcecode.swift; path = PDFViewModel.swift; sourceTree = "<group>"; };
		B953675E7A663DA8B213BC80 /* CompressView.swift */ = {isa = PBXFileReference; lastKnownFileType = sourcecode.swift; path = CompressView.swift; sourceTree = "<group>"; };
		CB5A47748F96D6E609F75460 /* PDFFileItem.swift */ = {isa = PBXFileReference; lastKnownFileType = sourcecode.swift; path = PDFFileItem.swift; sourceTree = "<group>"; };
		E2D5D500A1C5ABBC25099024 /* PDFMergerService.swift */ = {isa = PBXFileReference; lastKnownFileType = sourcecode.swift; path = PDFMergerService.swift; sourceTree = "<group>"; };
		E4B696530639B81DD2BB1E1B /* ProgressOverlay.swift */ = {isa = PBXFileReference; lastKnownFileType = sourcecode.swift; path = ProgressOverlay.swift; sourceTree = "<group>"; };
		E92E42B02BBAF8D9418F3EE7 /* SettingsView.swift */ = {isa = PBXFileReference; lastKnownFileType = sourcecode.swift; path = SettingsView.swift; sourceTree = "<group>"; };
		F43403DA69BCBA6CED0D2CC5 /* FileValidatorService.swift */ = {isa = PBXFileReference; lastKnownFileType = sourcecode.swift; path = FileValidatorService.swift; sourceTree = "<group>"; };
		F99592C97105B555156BDD1C /* SidebarView.swift */ = {isa = PBXFileReference; lastKnownFileType = sourcecode.swift; path = SidebarView.swift; sourceTree = "<group>"; };
		FABCB02F0BD5DCD92CDCD7FB /* CompressionSettings.swift */ = {isa = PBXFileReference; lastKnownFileType = sourcecode.swift; path = CompressionSettings.swift; sourceTree = "<group>"; };
		FBEB6F1164047FC4BABD7274 /* FileListView.swift */ = {isa = PBXFileReference; lastKnownFileType = sourcecode.swift; path = FileListView.swift; sourceTree = "<group>"; };
/* End PBXFileReference section */

/* Begin PBXGroup section */
		0F10551572F5C5E9D9016D8B /* Compress */ = {
			isa = PBXGroup;
			children = (
				B953675E7A663DA8B213BC80 /* CompressView.swift */,
			);
			path = Compress;
			sourceTree = "<group>";
		};
		18EFD73D6C9045EDB90B2288 /* Views */ = {
			isa = PBXGroup;
			children = (
				D038859FD5BBC670E2D985F5 /* Combine */,
				CB924D1C186CB1EDC5B3B895 /* Components */,
				0F10551572F5C5E9D9016D8B /* Compress */,
				D8B7B024D964F333B293F8AC /* Settings */,
				78754A7689B8768089CC5F3C /* Sidebar */,
			);
			path = Views;
			sourceTree = "<group>";
		};
		4CB3CDBFCC484641D57BE986 /* Utilities */ = {
			isa = PBXGroup;
			children = (
				36028FC91A1C4651717AB123 /* Color+Theme.swift */,
				773DDB3E905B27CC070917FF /* FileSize+Formatter.swift */,
			);
			path = Utilities;
			sourceTree = "<group>";
		};
		78754A7689B8768089CC5F3C /* Sidebar */ = {
			isa = PBXGroup;
			children = (
				F99592C97105B555156BDD1C /* SidebarView.swift */,
			);
			path = Sidebar;
			sourceTree = "<group>";
		};
		7D9018F98AF817710ECA1A6B /* PDFStitch */ = {
			isa = PBXGroup;
			children = (
				9427D1951A9B8DFEECB0C76A /* Models */,
				CA25C7167EB562B29EB29497 /* Services */,
				4CB3CDBFCC484641D57BE986 /* Utilities */,
				D1A2A788830FB661B9DD1AFC /* ViewModels */,
				18EFD73D6C9045EDB90B2288 /* Views */,
				08C8D6F4F5BEE6E1BE020B0D /* Assets.xcassets */,
				75FC1BBD8845880AA05E861A /* ContentView.swift */,
				7E2352A25068C38466457735 /* PDFStitch.entitlements */,
				5C478EB90847E60CCDBD368C /* PDFStitchApp.swift */,
			);
			path = PDFStitch;
			sourceTree = "<group>";
		};
		9427D1951A9B8DFEECB0C76A /* Models */ = {
			isa = PBXGroup;
			children = (
				52784B6085D4E9E0B7F8C7F5 /* AppSettings.swift */,
				FABCB02F0BD5DCD92CDCD7FB /* CompressionSettings.swift */,
				CB5A47748F96D6E609F75460 /* PDFFileItem.swift */,
			);
			path = Models;
			sourceTree = "<group>";
		};
		A33EF295F0006CFC665561DD /* Products */ = {
			isa = PBXGroup;
			children = (
				937C43058B03D057BCE4B3B0 /* PDFStitch.app */,
			);
			name = Products;
			sourceTree = "<group>";
		};
		CA25C7167EB562B29EB29497 /* Services */ = {
			isa = PBXGroup;
			children = (
				F43403DA69BCBA6CED0D2CC5 /* FileValidatorService.swift */,
				644654B98C146F0FAA582C16 /* PDFCompressorService.swift */,
				E2D5D500A1C5ABBC25099024 /* PDFMergerService.swift */,
			);
			path = Services;
			sourceTree = "<group>";
		};
		CB924D1C186CB1EDC5B3B895 /* Components */ = {
			isa = PBXGroup;
			children = (
				92D5AAE0888029B0C95FA2E9 /* ActionBar.swift */,
				0FEEB5782485ACE9C66F7794 /* FileRowView.swift */,
				E4B696530639B81DD2BB1E1B /* ProgressOverlay.swift */,
			);
			path = Components;
			sourceTree = "<group>";
		};
		CBB2B08F16DA614E58D3A948 = {
			isa = PBXGroup;
			children = (
				7D9018F98AF817710ECA1A6B /* PDFStitch */,
				A33EF295F0006CFC665561DD /* Products */,
			);
			sourceTree = "<group>";
		};
		D038859FD5BBC670E2D985F5 /* Combine */ = {
			isa = PBXGroup;
			children = (
				5356DC6E5E5C0C41355361F7 /* CombineView.swift */,
				23947425EA0A526B420A170B /* DropZoneView.swift */,
				FBEB6F1164047FC4BABD7274 /* FileListView.swift */,
			);
			path = Combine;
			sourceTree = "<group>";
		};
		D1A2A788830FB661B9DD1AFC /* ViewModels */ = {
			isa = PBXGroup;
			children = (
				A1F795DF9AB681243170EF1F /* PDFViewModel.swift */,
			);
			path = ViewModels;
			sourceTree = "<group>";
		};
		D8B7B024D964F333B293F8AC /* Settings */ = {
			isa = PBXGroup;
			children = (
				E92E42B02BBAF8D9418F3EE7 /* SettingsView.swift */,
			);
			path = Settings;
			sourceTree = "<group>";
		};
/* End PBXGroup section */

/* Begin PBXNativeTarget section */
		FC64528C1DFCC547DB3917C1 /* PDFStitch */ = {
			isa = PBXNativeTarget;
			buildConfigurationList = B410B5686F2DC3C2958C9EC9 /* Build configuration list for PBXNativeTarget "PDFStitch" */;
			buildPhases = (
				C82E51E0060051DC8F649512 /* Sources */,
				26980D5CCCE01BA4CEC8F395 /* Resources */,
			);
			buildRules = (
			);
			dependencies = (
			);
			name = PDFStitch;
			packageProductDependencies = (
			);
			productName = PDFStitch;
			productReference = 937C43058B03D057BCE4B3B0 /* PDFStitch.app */;
			productType = "com.apple.product-type.application";
		};
/* End PBXNativeTarget section */

/* Begin PBXProject section */
		8EF3B78417BD889B3418C7B4 /* Project object */ = {
			isa = PBXProject;
			attributes = {
				BuildIndependentTargetsInParallel = YES;
				LastUpgradeCheck = 1600;
				TargetAttributes = {
					FC64528C1DFCC547DB3917C1 = {
						DevelopmentTeam = "";
						ProvisioningStyle = Automatic;
					};
				};
			};
			buildConfigurationList = 364A44935804396CA03005E0 /* Build configuration list for PBXProject "PDFStitch" */;
			developmentRegion = en;
			hasScannedForEncodings = 0;
			knownRegions = (
				Base,
				en,
			);
			mainGroup = CBB2B08F16DA614E58D3A948;
			minimizedProjectReferenceProxies = 1;
			preferredProjectObjectVersion = 77;
			productRefGroup = A33EF295F0006CFC665561DD /* Products */;
			projectDirPath = "";
			projectRoot = "";
			targets = (
				FC64528C1DFCC547DB3917C1 /* PDFStitch */,
			);
		};
/* End PBXProject section */

/* Begin PBXResourcesBuildPhase section */
		26980D5CCCE01BA4CEC8F395 /* Resources */ = {
			isa = PBXResourcesBuildPhase;
			buildActionMask = 2147483647;
			files = (
				F624402D033924456F88CCCB /* Assets.xcassets in Resources */,
			);
			runOnlyForDeploymentPostprocessing = 0;
		};
/* End PBXResourcesBuildPhase section */

/* Begin PBXSourcesBuildPhase section */
		C82E51E0060051DC8F649512 /* Sources */ = {
			isa = PBXSourcesBuildPhase;
			buildActionMask = 2147483647;
			files = (
				EAFF34C8E13F4B976C13152A /* ActionBar.swift in Sources */,
				2BB0B57E938247C99CDFC8E0 /* AppSettings.swift in Sources */,
				D632C895B8990D61020066FE /* Color+Theme.swift in Sources */,
				408C738B7EC9D5F53276FCE4 /* CombineView.swift in Sources */,
				A63DD984F2F53A17DD59947C /* CompressView.swift in Sources */,
				09F9443B4CDB5C516BD89221 /* CompressionSettings.swift in Sources */,
				119D1503BE00C631C5CC5E26 /* ContentView.swift in Sources */,
				39CF11A932176CBFF0A2F7C5 /* DropZoneView.swift in Sources */,
				10F7C2A8145AA74061F3707D /* FileListView.swift in Sources */,
				E1E208BB8EA476EF08DC6C85 /* FileRowView.swift in Sources */,
				AB99336CB6155FCE63285B6D /* FileSize+Formatter.swift in Sources */,
				31A8FDE191D603D6148D4A96 /* FileValidatorService.swift in Sources */,
				A643951F45BB27E0FF166FA2 /* PDFCompressorService.swift in Sources */,
				AD480DDC2F4EF4BF3D19DAF4 /* PDFFileItem.swift in Sources */,
				6FEC2CE917133E9783480572 /* PDFMergerService.swift in Sources */,
				7F43A58A833A3F7307A733EC /* PDFStitchApp.swift in Sources */,
				07D0BFDACC1FB58BE4377D4F /* PDFViewModel.swift in Sources */,
				EE020D1D3DE8626F8806FC13 /* ProgressOverlay.swift in Sources */,
				EA26878483C60A2BE2F9E12B /* SettingsView.swift in Sources */,
				AC40C0BE9664BBD705DFEB1E /* SidebarView.swift in Sources */,
			);
			runOnlyForDeploymentPostprocessing = 0;
		};
/* End PBXSourcesBuildPhase section */

/* Begin XCBuildConfiguration section */
		BC7D89ACA2025FD11CC05008 /* Release */ = {
			isa = XCBuildConfiguration;
			buildSettings = {
				ALWAYS_SEARCH_USER_PATHS = NO;
				CLANG_ANALYZER_NONNULL = YES;
				CLANG_ANALYZER_NUMBER_OBJECT_CONVERSION = YES_AGGRESSIVE;
				CLANG_CXX_LANGUAGE_STANDARD = "gnu++14";
				CLANG_CXX_LIBRARY = "libc++";
				CLANG_ENABLE_MODULES = YES;
				CLANG_ENABLE_OBJC_ARC = YES;
				CLANG_ENABLE_OBJC_WEAK = YES;
				CLANG_WARN_BLOCK_CAPTURE_AUTORELEASING = YES;
				CLANG_WARN_BOOL_CONVERSION = YES;
				CLANG_WARN_COMMA = YES;
				CLANG_WARN_CONSTANT_CONVERSION = YES;
				CLANG_WARN_DEPRECATED_OBJC_IMPLEMENTATIONS = YES;
				CLANG_WARN_DIRECT_OBJC_ISA_USAGE = YES_ERROR;
				CLANG_WARN_DOCUMENTATION_COMMENTS = YES;
				CLANG_WARN_EMPTY_BODY = YES;
				CLANG_WARN_ENUM_CONVERSION = YES;
				CLANG_WARN_INFINITE_RECURSION = YES;
				CLANG_WARN_INT_CONVERSION = YES;
				CLANG_WARN_NON_LITERAL_NULL_CONVERSION = YES;
				CLANG_WARN_OBJC_IMPLICIT_RETAIN_SELF = YES;
				CLANG_WARN_OBJC_LITERAL_CONVERSION = YES;
				CLANG_WARN_OBJC_ROOT_CLASS = YES_ERROR;
				CLANG_WARN_QUOTED_INCLUDE_IN_FRAMEWORK_HEADER = YES;
				CLANG_WARN_RANGE_LOOP_ANALYSIS = YES;
				CLANG_WARN_STRICT_PROTOTYPES = YES;
				CLANG_WARN_SUSPICIOUS_MOVE = YES;
				CLANG_WARN_UNGUARDED_AVAILABILITY = YES_AGGRESSIVE;
				CLANG_WARN_UNREACHABLE_CODE = YES;
				CLANG_WARN__DUPLICATE_METHOD_MATCH = YES;
				CODE_SIGN_IDENTITY = "-";
				CODE_SIGN_STYLE = Automatic;
				COPY_PHASE_STRIP = NO;
				DEBUG_INFORMATION_FORMAT = "dwarf-with-dsym";
				DEVELOPMENT_TEAM = "";
				ENABLE_NS_ASSERTIONS = NO;
				ENABLE_STRICT_OBJC_MSGSEND = YES;
				GCC_C_LANGUAGE_STANDARD = gnu11;
				GCC_NO_COMMON_BLOCKS = YES;
				GCC_WARN_64_TO_32_BIT_CONVERSION = YES;
				GCC_WARN_ABOUT_RETURN_TYPE = YES_ERROR;
				GCC_WARN_UNDECLARED_SELECTOR = YES;
				GCC_WARN_UNINITIALIZED_AUTOS = YES_AGGRESSIVE;
				GCC_WARN_UNUSED_FUNCTION = YES;
				GCC_WARN_UNUSED_VARIABLE = YES;
				MACOSX_DEPLOYMENT_TARGET = 14.0;
				MTL_ENABLE_DEBUG_INFO = NO;
				MTL_FAST_MATH = YES;
				PRODUCT_BUNDLE_IDENTIFIER = com.pdfstitch.app;
				PRODUCT_NAME = "$(TARGET_NAME)";
				SDKROOT = macosx;
				SWIFT_COMPILATION_MODE = wholemodule;
				SWIFT_OPTIMIZATION_LEVEL = "-O";
				SWIFT_VERSION = 5.9;
			};
			name = Release;
		};
		CE826E2EDBE9EECED85EF613 /* Release */ = {
			isa = XCBuildConfiguration;
			buildSettings = {
				ASSETCATALOG_COMPILER_APPICON_NAME = AppIcon;
				CODE_SIGN_ENTITLEMENTS = PDFStitch/PDFStitch.entitlements;
				COMBINE_HIDPI_IMAGES = YES;
				CURRENT_PROJECT_VERSION = 4;
				ENABLE_PREVIEWS = YES;
				GENERATE_INFOPLIST_FILE = YES;
				INFOPLIST_KEY_CFBundleDisplayName = "PDF Stitch";
				INFOPLIST_KEY_LSApplicationCategoryType = "public.app-category.utilities";
				INFOPLIST_KEY_NSHumanReadableCopyright = "Copyright © 2026 PDF Stitch. All rights reserved.";
				LD_RUNPATH_SEARCH_PATHS = (
					"$(inherited)",
					"@executable_path/../Frameworks",
				);
				MACOSX_DEPLOYMENT_TARGET = 14.0;
				MARKETING_VERSION = 1.0.4;
				PRODUCT_NAME = "PDF Stitch";
				SDKROOT = macosx;
				SWIFT_EMIT_LOC_STRINGS = YES;
			};
			name = Release;
		};
		DD003BFED647B035D93A1001 /* Debug */ = {
			isa = XCBuildConfiguration;
			buildSettings = {
				ASSETCATALOG_COMPILER_APPICON_NAME = AppIcon;
				CODE_SIGN_ENTITLEMENTS = PDFStitch/PDFStitch.entitlements;
				COMBINE_HIDPI_IMAGES = YES;
				CURRENT_PROJECT_VERSION = 4;
				ENABLE_PREVIEWS = YES;
				GENERATE_INFOPLIST_FILE = YES;
				INFOPLIST_KEY_CFBundleDisplayName = "PDF Stitch";
				INFOPLIST_KEY_LSApplicationCategoryType = "public.app-category.utilities";
				INFOPLIST_KEY_NSHumanReadableCopyright = "Copyright © 2026 PDF Stitch. All rights reserved.";
				LD_RUNPATH_SEARCH_PATHS = (
					"$(inherited)",
					"@executable_path/../Frameworks",
				);
				MACOSX_DEPLOYMENT_TARGET = 14.0;
				MARKETING_VERSION = 1.0.4;
				PRODUCT_NAME = "PDF Stitch";
				SDKROOT = macosx;
				SWIFT_EMIT_LOC_STRINGS = YES;
			};
			name = Debug;
		};
		F301ADFA6F5AA0AA65CC969E /* Debug */ = {
			isa = XCBuildConfiguration;
			buildSettings = {
				ALWAYS_SEARCH_USER_PATHS = NO;
				CLANG_ANALYZER_NONNULL = YES;
				CLANG_ANALYZER_NUMBER_OBJECT_CONVERSION = YES_AGGRESSIVE;
				CLANG_CXX_LANGUAGE_STANDARD = "gnu++14";
				CLANG_CXX_LIBRARY = "libc++";
				CLANG_ENABLE_MODULES = YES;
				CLANG_ENABLE_OBJC_ARC = YES;
				CLANG_ENABLE_OBJC_WEAK = YES;
				CLANG_WARN_BLOCK_CAPTURE_AUTORELEASING = YES;
				CLANG_WARN_BOOL_CONVERSION = YES;
				CLANG_WARN_COMMA = YES;
				CLANG_WARN_CONSTANT_CONVERSION = YES;
				CLANG_WARN_DEPRECATED_OBJC_IMPLEMENTATIONS = YES;
				CLANG_WARN_DIRECT_OBJC_ISA_USAGE = YES_ERROR;
				CLANG_WARN_DOCUMENTATION_COMMENTS = YES;
				CLANG_WARN_EMPTY_BODY = YES;
				CLANG_WARN_ENUM_CONVERSION = YES;
				CLANG_WARN_INFINITE_RECURSION = YES;
				CLANG_WARN_INT_CONVERSION = YES;
				CLANG_WARN_NON_LITERAL_NULL_CONVERSION = YES;
				CLANG_WARN_OBJC_IMPLICIT_RETAIN_SELF = YES;
				CLANG_WARN_OBJC_LITERAL_CONVERSION = YES;
				CLANG_WARN_OBJC_ROOT_CLASS = YES_ERROR;
				CLANG_WARN_QUOTED_INCLUDE_IN_FRAMEWORK_HEADER = YES;
				CLANG_WARN_RANGE_LOOP_ANALYSIS = YES;
				CLANG_WARN_STRICT_PROTOTYPES = YES;
				CLANG_WARN_SUSPICIOUS_MOVE = YES;
				CLANG_WARN_UNGUARDED_AVAILABILITY = YES_AGGRESSIVE;
				CLANG_WARN_UNREACHABLE_CODE = YES;
				CLANG_WARN__DUPLICATE_METHOD_MATCH = YES;
				CODE_SIGN_IDENTITY = "-";
				CODE_SIGN_STYLE = Automatic;
				COPY_PHASE_STRIP = NO;
				DEBUG_INFORMATION_FORMAT = dwarf;
				DEVELOPMENT_TEAM = "";
				ENABLE_STRICT_OBJC_MSGSEND = YES;
				ENABLE_TESTABILITY = YES;
				GCC_C_LANGUAGE_STANDARD = gnu11;
				GCC_DYNAMIC_NO_PIC = NO;
				GCC_NO_COMMON_BLOCKS = YES;
				GCC_OPTIMIZATION_LEVEL = 0;
				GCC_PREPROCESSOR_DEFINITIONS = (
					"$(inherited)",
					"DEBUG=1",
				);
				GCC_WARN_64_TO_32_BIT_CONVERSION = YES;
				GCC_WARN_ABOUT_RETURN_TYPE = YES_ERROR;
				GCC_WARN_UNDECLARED_SELECTOR = YES;
				GCC_WARN_UNINITIALIZED_AUTOS = YES_AGGRESSIVE;
				GCC_WARN_UNUSED_FUNCTION = YES;
				GCC_WARN_UNUSED_VARIABLE = YES;
				MACOSX_DEPLOYMENT_TARGET = 14.0;
				MTL_ENABLE_DEBUG_INFO = INCLUDE_SOURCE;
				MTL_FAST_MATH = YES;
				ONLY_ACTIVE_ARCH = YES;
				PRODUCT_BUNDLE_IDENTIFIER = com.pdfstitch.app;
				PRODUCT_NAME = "$(TARGET_NAME)";
				SDKROOT = macosx;
				SWIFT_ACTIVE_COMPILATION_CONDITIONS = DEBUG;
				SWIFT_OPTIMIZATION_LEVEL = "-Onone";
				SWIFT_VERSION = 5.9;
			};
			name = Debug;
		};
/* End XCBuildConfiguration section */

/* Begin XCConfigurationList section */
		364A44935804396CA03005E0 /* Build configuration list for PBXProject "PDFStitch" */ = {
			isa = XCConfigurationList;
			buildConfigurations = (
				F301ADFA6F5AA0AA65CC969E /* Debug */,
				BC7D89ACA2025FD11CC05008 /* Release */,
			);
			defaultConfigurationIsVisible = 0;
			defaultConfigurationName = Debug;
		};
		B410B5686F2DC3C2958C9EC9 /* Build configuration list for PBXNativeTarget "PDFStitch" */ = {
			isa = XCConfigurationList;
			buildConfigurations = (
				DD003BFED647B035D93A1001 /* Debug */,
				CE826E2EDBE9EECED85EF613 /* Release */,
			);
			defaultConfigurationIsVisible = 0;
			defaultConfigurationName = Debug;
		};
/* End XCConfigurationList section */
	};
	rootObject = 8EF3B78417BD889B3418C7B4 /* Project object */;
}
