// !$*UTF8*$!
{
	archiveVersion = 1;
	classes = {
	};
	objectVersion = 77;
	objects = {

/* Begin PBXBuildFile section */
		0E2036A015DDC95D7341391B /* DropZoneView.swift in Sources */ = {isa = PBXBuildFile; fileRef = 7EA8EE26A5FE0559DEDED6AD /* DropZoneView.swift */; };
		0F41076EA2149DB140309FDF /* ActionBar.swift in Sources */ = {isa = PBXBuildFile; fileRef = BCFE6E8C89236A75D204A2A0 /* ActionBar.swift */; };
		155FD60A579BD7207AC71105 /* AppSettings.swift in Sources */ = {isa = PBXBuildFile; fileRef = 2FC41641E362BB961FDAF0F4 /* AppSettings.swift */; };
		361C4239C3B26DF15C627746 /* CompressionSettings.swift in Sources */ = {isa = PBXBuildFile; fileRef = 4C3C0418D88EDA2D57D3FA94 /* CompressionSettings.swift */; };
		3896C7E13602F76A0C771A15 /* CombineView.swift in Sources */ = {isa = PBXBuildFile; fileRef = 3CBA89F18DF4572B546565EE /* CombineView.swift */; };
		44A56F1DE3AB2B1EB56FBF12 /* Assets.xcassets in Resources */ = {isa = PBXBuildFile; fileRef = 04EC8B8A004182DE612C5D9D /* Assets.xcassets */; };
		52685A82480BDC2B279F05D5 /* FileRowView.swift in Sources */ = {isa = PBXBuildFile; fileRef = BC64A942290ACC537A86D7C3 /* FileRowView.swift */; };
		531BCA79AD3776C550000E39 /* FileSize+Formatter.swift in Sources */ = {isa = PBXBuildFile; fileRef = 957D31288B8CDE78B4DD34DC /* FileSize+Formatter.swift */; };
		5590391350420AE032A9B194 /* PDFFusionApp.swift in Sources */ = {isa = PBXBuildFile; fileRef = E9D5B431E4DA422C4FE0B36E /* PDFFusionApp.swift */; };
		690468F5D1B80674C56D6196 /* PDFMergerService.swift in Sources */ = {isa = PBXBuildFile; fileRef = 125312AE632ED67D440DC7E3 /* PDFMergerService.swift */; };
		745125D92EEB8588FDFA87E3 /* CompressView.swift in Sources */ = {isa = PBXBuildFile; fileRef = 94EAADFE6FA2B72BD0BBA119 /* CompressView.swift */; };
		79A638E64A3CD5D6F3DB7D77 /* SidebarView.swift in Sources */ = {isa = PBXBuildFile; fileRef = 9B91D14D4FBAE7B6EA05EDB2 /* SidebarView.swift */; };
		7B47D9A461801A15591691D1 /* FileListView.swift in Sources */ = {isa = PBXBuildFile; fileRef = 37E7AC4148574B3CE9AFFA47 /* FileListView.swift */; };
		89A17984F7AE9D61DC52D176 /* Color+Theme.swift in Sources */ = {isa = PBXBuildFile; fileRef = 8671006E3E79EB7774BF58F5 /* Color+Theme.swift */; };
		A6C6ADAC6F5BAB8CD355FA8E /* PDFViewModel.swift in Sources */ = {isa = PBXBuildFile; fileRef = 4FF5E266C996B171F60590E3 /* PDFViewModel.swift */; };
		ADED1B43D28F3427BB87B853 /* PDFCompressorService.swift in Sources */ = {isa = PBXBuildFile; fileRef = 7E5E018476E893B80257EFB8 /* PDFCompressorService.swift */; };
		D34E872C646D9611848C7173 /* FileValidatorService.swift in Sources */ = {isa = PBXBuildFile; fileRef = DA3A4ACEAF7183774F342C5D /* FileValidatorService.swift */; };
		DFD77C85FDA659B24B97D074 /* ProgressOverlay.swift in Sources */ = {isa = PBXBuildFile; fileRef = DE1CC95F875B29698A20D06A /* ProgressOverlay.swift */; };
		F8820E8BC73525C185BF9DDA /* ContentView.swift in Sources */ = {isa = PBXBuildFile; fileRef = 13F230B523633AE6F502FA63 /* ContentView.swift */; };
		FB326559976C319126A9B59F /* SettingsView.swift in Sources */ = {isa = PBXBuildFile; fileRef = 86D5E3487EEA5C3330D3FF2A /* SettingsView.swift */; };
		FD4F5A9606501D9C9239B7F1 /* PDFFileItem.swift in Sources */ = {isa = PBXBuildFile; fileRef = CC5BBF7897045A809F0235C4 /* PDFFileItem.swift */; };
/* End PBXBuildFile section */

/* Begin PBXFileReference section */
		04EC8B8A004182DE612C5D9D /* Assets.xcassets */ = {isa = PBXFileReference; lastKnownFileType = folder.assetcatalog; path = Assets.xcassets; sourceTree = "<group>"; };
		0FB711EE27B243F226A98390 /* PDFFusion.entitlements */ = {isa = PBXFileReference; lastKnownFileType = text.plist.entitlements; path = PDFFusion.entitlements; sourceTree = "<group>"; };
		125312AE632ED67D440DC7E3 /* PDFMergerService.swift */ = {isa = PBXFileReference; lastKnownFileType = sourcecode.swift; path = PDFMergerService.swift; sourceTree = "<group>"; };
		13F230B523633AE6F502FA63 /* ContentView.swift */ = {isa = PBXFileReference; lastKnownFileType = sourcecode.swift; path = ContentView.swift; sourceTree = "<group>"; };
		2FC41641E362BB961FDAF0F4 /* AppSettings.swift */ = {isa = PBXFileReference; lastKnownFileType = sourcecode.swift; path = AppSettings.swift; sourceTree = "<group>"; };
		37E7AC4148574B3CE9AFFA47 /* FileListView.swift */ = {isa = PBXFileReference; lastKnownFileType = sourcecode.swift; path = FileListView.swift; sourceTree = "<group>"; };
		3CBA89F18DF4572B546565EE /* CombineView.swift */ = {isa = PBXFileReference; lastKnownFileType = sourcecode.swift; path = CombineView.swift; sourceTree = "<group>"; };
		4C3C0418D88EDA2D57D3FA94 /* CompressionSettings.swift */ = {isa = PBXFileReference; lastKnownFileType = sourcecode.swift; path = CompressionSettings.swift; sourceTree = "<group>"; };
		4FF5E266C996B171F60590E3 /* PDFViewModel.swift */ = {isa = PBXFileReference; lastKnownFileType = sourcecode.swift; path = PDFViewModel.swift; sourceTree = "<group>"; };
		58E91AB272B8F2B2A4C42109 /* PDFFusion.app */ = {isa = PBXFileReference; explicitFileType = wrapper.application; includeInIndex = 0; path = PDFFusion.app; sourceTree = BUILT_PRODUCTS_DIR; };
		7E5E018476E893B80257EFB8 /* PDFCompressorService.swift */ = {isa = PBXFileReference; lastKnownFileType = sourcecode.swift; path = PDFCompressorService.swift; sourceTree = "<group>"; };
		7EA8EE26A5FE0559DEDED6AD /* DropZoneView.swift */ = {isa = PBXFileReference; lastKnownFileType = sourcecode.swift; path = DropZoneView.swift; sourceTree = "<group>"; };
		8671006E3E79EB7774BF58F5 /* Color+Theme.swift */ = {isa = PBXFileReference; lastKnownFileType = sourcecode.swift; path = "Color+Theme.swift"; sourceTree = "<group>"; };
		86D5E3487EEA5C3330D3FF2A /* SettingsView.swift */ = {isa = PBXFileReference; lastKnownFileType = sourcecode.swift; path = SettingsView.swift; sourceTree = "<group>"; };
		94EAADFE6FA2B72BD0BBA119 /* CompressView.swift */ = {isa = PBXFileReference; lastKnownFileType = sourcecode.swift; path = CompressView.swift; sourceTree = "<group>"; };
		957D31288B8CDE78B4DD34DC /* FileSize+Formatter.swift */ = {isa = PBXFileReference; lastKnownFileType = sourcecode.swift; path = "FileSize+Formatter.swift"; sourceTree = "<group>"; };
		9B91D14D4FBAE7B6EA05EDB2 /* SidebarView.swift */ = {isa = PBXFileReference; lastKnownFileType = sourcecode.swift; path = SidebarView.swift; sourceTree = "<group>"; };
		BC64A942290ACC537A86D7C3 /* FileRowView.swift */ = {isa = PBXFileReference; lastKnownFileType = sourcecode.swift; path = FileRowView.swift; sourceTree = "<group>"; };
		BCFE6E8C89236A75D204A2A0 /* ActionBar.swift */ = {isa = PBXFileReference; lastKnownFileType = sourcecode.swift; path = ActionBar.swift; sourceTree = "<group>"; };
		CC5BBF7897045A809F0235C4 /* PDFFileItem.swift */ = {isa = PBXFileReference; lastKnownFileType = sourcecode.swift; path = PDFFileItem.swift; sourceTree = "<group>"; };
		DA3A4ACEAF7183774F342C5D /* FileValidatorService.swift */ = {isa = PBXFileReference; lastKnownFileType = sourcecode.swift; path = FileValidatorService.swift; sourceTree = "<group>"; };
		DE1CC95F875B29698A20D06A /* ProgressOverlay.swift */ = {isa = PBXFileReference; lastKnownFileType = sourcecode.swift; path = ProgressOverlay.swift; sourceTree = "<group>"; };
		E9D5B431E4DA422C4FE0B36E /* PDFFusionApp.swift */ = {isa = PBXFileReference; lastKnownFileType = sourcecode.swift; path = PDFFusionApp.swift; sourceTree = "<group>"; };
/* End PBXFileReference section */

/* Begin PBXGroup section */
		06C8E34D4F3117E282C15E46 /* Combine */ = {
			isa = PBXGroup;
			children = (
				3CBA89F18DF4572B546565EE /* CombineView.swift */,
				7EA8EE26A5FE0559DEDED6AD /* DropZoneView.swift */,
				37E7AC4148574B3CE9AFFA47 /* FileListView.swift */,
			);
			path = Combine;
			sourceTree = "<group>";
		};
		0A58DFEB69F9BB36777474ED /* Views */ = {
			isa = PBXGroup;
			children = (
				06C8E34D4F3117E282C15E46 /* Combine */,
				1FC482D56F32F4896FD312FA /* Components */,
				41FD0F30C3F85A95EA44348D /* Compress */,
				3F5E236C78D7EBC9913F609A /* Settings */,
				62264ABE958051CE4533D638 /* Sidebar */,
			);
			path = Views;
			sourceTree = "<group>";
		};
		1E62F8B03CAF2C9E5AC083F4 /* ViewModels */ = {
			isa = PBXGroup;
			children = (
				4FF5E266C996B171F60590E3 /* PDFViewModel.swift */,
			);
			path = ViewModels;
			sourceTree = "<group>";
		};
		1FC482D56F32F4896FD312FA /* Components */ = {
			isa = PBXGroup;
			children = (
				BCFE6E8C89236A75D204A2A0 /* ActionBar.swift */,
				BC64A942290ACC537A86D7C3 /* FileRowView.swift */,
				DE1CC95F875B29698A20D06A /* ProgressOverlay.swift */,
			);
			path = Components;
			sourceTree = "<group>";
		};
		34E08A84B13B764A9428D36D /* Products */ = {
			isa = PBXGroup;
			children = (
				58E91AB272B8F2B2A4C42109 /* PDFFusion.app */,
			);
			name = Products;
			sourceTree = "<group>";
		};
		3F5E236C78D7EBC9913F609A /* Settings */ = {
			isa = PBXGroup;
			children = (
				86D5E3487EEA5C3330D3FF2A /* SettingsView.swift */,
			);
			path = Settings;
			sourceTree = "<group>";
		};
		4105AD60CFC953842CF5E619 /* Models */ = {
			isa = PBXGroup;
			children = (
				2FC41641E362BB961FDAF0F4 /* AppSettings.swift */,
				4C3C0418D88EDA2D57D3FA94 /* CompressionSettings.swift */,
				CC5BBF7897045A809F0235C4 /* PDFFileItem.swift */,
			);
			path = Models;
			sourceTree = "<group>";
		};
		41FD0F30C3F85A95EA44348D /* Compress */ = {
			isa = PBXGroup;
			children = (
				94EAADFE6FA2B72BD0BBA119 /* CompressView.swift */,
			);
			path = Compress;
			sourceTree = "<group>";
		};
		6094283CB4A3186CA0BCABEE = {
			isa = PBXGroup;
			children = (
				66DD61C91815BA52C1B7FBB3 /* PDFFusion */,
				34E08A84B13B764A9428D36D /* Products */,
			);
			sourceTree = "<group>";
		};
		62264ABE958051CE4533D638 /* Sidebar */ = {
			isa = PBXGroup;
			children = (
				9B91D14D4FBAE7B6EA05EDB2 /* SidebarView.swift */,
			);
			path = Sidebar;
			sourceTree = "<group>";
		};
		66DD61C91815BA52C1B7FBB3 /* PDFFusion */ = {
			isa = PBXGroup;
			children = (
				4105AD60CFC953842CF5E619 /* Models */,
				EA23F2CF443ED38730439D46 /* Services */,
				87744FE7732C95EC9BE5932D /* Utilities */,
				1E62F8B03CAF2C9E5AC083F4 /* ViewModels */,
				0A58DFEB69F9BB36777474ED /* Views */,
				04EC8B8A004182DE612C5D9D /* Assets.xcassets */,
				13F230B523633AE6F502FA63 /* ContentView.swift */,
				0FB711EE27B243F226A98390 /* PDFFusion.entitlements */,
				E9D5B431E4DA422C4FE0B36E /* PDFFusionApp.swift */,
			);
			path = PDFFusion;
			sourceTree = "<group>";
		};
		87744FE7732C95EC9BE5932D /* Utilities */ = {
			isa = PBXGroup;
			children = (
				8671006E3E79EB7774BF58F5 /* Color+Theme.swift */,
				957D31288B8CDE78B4DD34DC /* FileSize+Formatter.swift */,
			);
			path = Utilities;
			sourceTree = "<group>";
		};
		EA23F2CF443ED38730439D46 /* Services */ = {
			isa = PBXGroup;
			children = (
				DA3A4ACEAF7183774F342C5D /* FileValidatorService.swift */,
				7E5E018476E893B80257EFB8 /* PDFCompressorService.swift */,
				125312AE632ED67D440DC7E3 /* PDFMergerService.swift */,
			);
			path = Services;
			sourceTree = "<group>";
		};
/* End PBXGroup section */

/* Begin PBXNativeTarget section */
		62E5C413960D8DFDEB24BCAC /* PDFFusion */ = {
			isa = PBXNativeTarget;
			buildConfigurationList = 835866477A3A9950E0281226 /* Build configuration list for PBXNativeTarget "PDFFusion" */;
			buildPhases = (
				9D9ABC2255845B4F67E95AC3 /* Sources */,
				919D6C7D6DC4608DA08723D7 /* Resources */,
			);
			buildRules = (
			);
			dependencies = (
			);
			name = PDFFusion;
			packageProductDependencies = (
			);
			productName = PDFFusion;
			productReference = 58E91AB272B8F2B2A4C42109 /* PDFFusion.app */;
			productType = "com.apple.product-type.application";
		};
/* End PBXNativeTarget section */

/* Begin PBXProject section */
		49C1B2CA4DC7BD88664472E6 /* Project object */ = {
			isa = PBXProject;
			attributes = {
				BuildIndependentTargetsInParallel = YES;
				LastUpgradeCheck = 1600;
				TargetAttributes = {
					62E5C413960D8DFDEB24BCAC = {
						DevelopmentTeam = "";
						ProvisioningStyle = Automatic;
					};
				};
			};
			buildConfigurationList = 8AF3F38289BB31448D4CCA5D /* Build configuration list for PBXProject "PDFFusion" */;
			developmentRegion = en;
			hasScannedForEncodings = 0;
			knownRegions = (
				Base,
				en,
			);
			mainGroup = 6094283CB4A3186CA0BCABEE;
			minimizedProjectReferenceProxies = 1;
			preferredProjectObjectVersion = 77;
			productRefGroup = 34E08A84B13B764A9428D36D /* Products */;
			projectDirPath = "";
			projectRoot = "";
			targets = (
				62E5C413960D8DFDEB24BCAC /* PDFFusion */,
			);
		};
/* End PBXProject section */

/* Begin PBXResourcesBuildPhase section */
		919D6C7D6DC4608DA08723D7 /* Resources */ = {
			isa = PBXResourcesBuildPhase;
			buildActionMask = 2147483647;
			files = (
				44A56F1DE3AB2B1EB56FBF12 /* Assets.xcassets in Resources */,
			);
			runOnlyForDeploymentPostprocessing = 0;
		};
/* End PBXResourcesBuildPhase section */

/* Begin PBXSourcesBuildPhase section */
		9D9ABC2255845B4F67E95AC3 /* Sources */ = {
			isa = PBXSourcesBuildPhase;
			buildActionMask = 2147483647;
			files = (
				0F41076EA2149DB140309FDF /* ActionBar.swift in Sources */,
				155FD60A579BD7207AC71105 /* AppSettings.swift in Sources */,
				89A17984F7AE9D61DC52D176 /* Color+Theme.swift in Sources */,
				3896C7E13602F76A0C771A15 /* CombineView.swift in Sources */,
				745125D92EEB8588FDFA87E3 /* CompressView.swift in Sources */,
				361C4239C3B26DF15C627746 /* CompressionSettings.swift in Sources */,
				F8820E8BC73525C185BF9DDA /* ContentView.swift in Sources */,
				0E2036A015DDC95D7341391B /* DropZoneView.swift in Sources */,
				7B47D9A461801A15591691D1 /* FileListView.swift in Sources */,
				52685A82480BDC2B279F05D5 /* FileRowView.swift in Sources */,
				531BCA79AD3776C550000E39 /* FileSize+Formatter.swift in Sources */,
				D34E872C646D9611848C7173 /* FileValidatorService.swift in Sources */,
				ADED1B43D28F3427BB87B853 /* PDFCompressorService.swift in Sources */,
				FD4F5A9606501D9C9239B7F1 /* PDFFileItem.swift in Sources */,
				5590391350420AE032A9B194 /* PDFFusionApp.swift in Sources */,
				690468F5D1B80674C56D6196 /* PDFMergerService.swift in Sources */,
				A6C6ADAC6F5BAB8CD355FA8E /* PDFViewModel.swift in Sources */,
				DFD77C85FDA659B24B97D074 /* ProgressOverlay.swift in Sources */,
				FB326559976C319126A9B59F /* SettingsView.swift in Sources */,
				79A638E64A3CD5D6F3DB7D77 /* SidebarView.swift in Sources */,
			);
			runOnlyForDeploymentPostprocessing = 0;
		};
/* End PBXSourcesBuildPhase section */

/* Begin XCBuildConfiguration section */
		552E0640E464C544ABEE4609 /* Release */ = {
			isa = XCBuildConfiguration;
			buildSettings = {
				ASSETCATALOG_COMPILER_APPICON_NAME = AppIcon;
				CODE_SIGN_ENTITLEMENTS = PDFFusion/PDFFusion.entitlements;
				COMBINE_HIDPI_IMAGES = YES;
				CURRENT_PROJECT_VERSION = 4;
				ENABLE_PREVIEWS = YES;
				GENERATE_INFOPLIST_FILE = YES;
				INFOPLIST_KEY_CFBundleDisplayName = "PDF Fusion";
				INFOPLIST_KEY_LSApplicationCategoryType = "public.app-category.utilities";
				INFOPLIST_KEY_NSHumanReadableCopyright = "Copyright © 2026 PDF Fusion. All rights reserved.";
				LD_RUNPATH_SEARCH_PATHS = (
					"$(inherited)",
					"@executable_path/../Frameworks",
				);
				MACOSX_DEPLOYMENT_TARGET = 14.0;
				MARKETING_VERSION = 1.0.4;
				PRODUCT_NAME = "PDF Fusion";
				SDKROOT = macosx;
				SWIFT_EMIT_LOC_STRINGS = YES;
			};
			name = Release;
		};
		57AAFA6ED103646FAEAC6AD3 /* Debug */ = {
			isa = XCBuildConfiguration;
			buildSettings = {
				ASSETCATALOG_COMPILER_APPICON_NAME = AppIcon;
				CODE_SIGN_ENTITLEMENTS = PDFFusion/PDFFusion.entitlements;
				COMBINE_HIDPI_IMAGES = YES;
				CURRENT_PROJECT_VERSION = 4;
				ENABLE_PREVIEWS = YES;
				GENERATE_INFOPLIST_FILE = YES;
				INFOPLIST_KEY_CFBundleDisplayName = "PDF Fusion";
				INFOPLIST_KEY_LSApplicationCategoryType = "public.app-category.utilities";
				INFOPLIST_KEY_NSHumanReadableCopyright = "Copyright © 2026 PDF Fusion. All rights reserved.";
				LD_RUNPATH_SEARCH_PATHS = (
					"$(inherited)",
					"@executable_path/../Frameworks",
				);
				MACOSX_DEPLOYMENT_TARGET = 14.0;
				MARKETING_VERSION = 1.0.4;
				PRODUCT_NAME = "PDF Fusion";
				SDKROOT = macosx;
				SWIFT_EMIT_LOC_STRINGS = YES;
			};
			name = Debug;
		};
		753EB092B7EB47512EC78178 /* Debug */ = {
			isa = XCBuildConfiguration;
			buildSettings = {
				ALWAYS_SEARCH_USER_PATHS = NO;
				CLANG_ANALYZER_NONNULL = YES;
				CLANG_ANALYZER_NUMBER_OBJECT_CONVERSION = YES_AGGRESSIVE;
				CLANG_CXX_LANGUAGE_STANDARD = "gnu++14";
				CLANG_CXX_LIBRARY = "libc++";
				CLANG_ENABLE_MODULES = YES;
				CLANG_ENABLE_OBJC_ARC = YES;
				CLANG_ENABLE_OBJC_WEAK = YES;
				CLANG_WARN_BLOCK_CAPTURE_AUTORELEASING = YES;
				CLANG_WARN_BOOL_CONVERSION = YES;
				CLANG_WARN_COMMA = YES;
				CLANG_WARN_CONSTANT_CONVERSION = YES;
				CLANG_WARN_DEPRECATED_OBJC_IMPLEMENTATIONS = YES;
				CLANG_WARN_DIRECT_OBJC_ISA_USAGE = YES_ERROR;
				CLANG_WARN_DOCUMENTATION_COMMENTS = YES;
				CLANG_WARN_EMPTY_BODY = YES;
				CLANG_WARN_ENUM_CONVERSION = YES;
				CLANG_WARN_INFINITE_RECURSION = YES;
				CLANG_WARN_INT_CONVERSION = YES;
				CLANG_WARN_NON_LITERAL_NULL_CONVERSION = YES;
				CLANG_WARN_OBJC_IMPLICIT_RETAIN_SELF = YES;
				CLANG_WARN_OBJC_LITERAL_CONVERSION = YES;
				CLANG_WARN_OBJC_ROOT_CLASS = YES_ERROR;
				CLANG_WARN_QUOTED_INCLUDE_IN_FRAMEWORK_HEADER = YES;
				CLANG_WARN_RANGE_LOOP_ANALYSIS = YES;
				CLANG_WARN_STRICT_PROTOTYPES = YES;
				CLANG_WARN_SUSPICIOUS_MOVE = YES;
				CLANG_WARN_UNGUARDED_AVAILABILITY = YES_AGGRESSIVE;
				CLANG_WARN_UNREACHABLE_CODE = YES;
				CLANG_WARN__DUPLICATE_METHOD_MATCH = YES;
				CODE_SIGN_IDENTITY = "-";
				CODE_SIGN_STYLE = Automatic;
				COPY_PHASE_STRIP = NO;
				DEBUG_INFORMATION_FORMAT = dwarf;
				DEVELOPMENT_TEAM = "";
				ENABLE_STRICT_OBJC_MSGSEND = YES;
				ENABLE_TESTABILITY = YES;
				GCC_C_LANGUAGE_STANDARD = gnu11;
				GCC_DYNAMIC_NO_PIC = NO;
				GCC_NO_COMMON_BLOCKS = YES;
				GCC_OPTIMIZATION_LEVEL = 0;
				GCC_PREPROCESSOR_DEFINITIONS = (
					"$(inherited)",
					"DEBUG=1",
				);
				GCC_WARN_64_TO_32_BIT_CONVERSION = YES;
				GCC_WARN_ABOUT_RETURN_TYPE = YES_ERROR;
				GCC_WARN_UNDECLARED_SELECTOR = YES;
				GCC_WARN_UNINITIALIZED_AUTOS = YES_AGGRESSIVE;
				GCC_WARN_UNUSED_FUNCTION = YES;
				GCC_WARN_UNUSED_VARIABLE = YES;
				MACOSX_DEPLOYMENT_TARGET = 14.0;
				MTL_ENABLE_DEBUG_INFO = INCLUDE_SOURCE;
				MTL_FAST_MATH = YES;
				ONLY_ACTIVE_ARCH = YES;
				PRODUCT_BUNDLE_IDENTIFIER = com.pdffusion.app;
				PRODUCT_NAME = "$(TARGET_NAME)";
				SDKROOT = macosx;
				SWIFT_ACTIVE_COMPILATION_CONDITIONS = DEBUG;
				SWIFT_OPTIMIZATION_LEVEL = "-Onone";
				SWIFT_VERSION = 5.9;
			};
			name = Debug;
		};
		E28F6685852A3EAE9F741CD1 /* Release */ = {
			isa = XCBuildConfiguration;
			buildSettings = {
				ALWAYS_SEARCH_USER_PATHS = NO;
				CLANG_ANALYZER_NONNULL = YES;
				CLANG_ANALYZER_NUMBER_OBJECT_CONVERSION = YES_AGGRESSIVE;
				CLANG_CXX_LANGUAGE_STANDARD = "gnu++14";
				CLANG_CXX_LIBRARY = "libc++";
				CLANG_ENABLE_MODULES = YES;
				CLANG_ENABLE_OBJC_ARC = YES;
				CLANG_ENABLE_OBJC_WEAK = YES;
				CLANG_WARN_BLOCK_CAPTURE_AUTORELEASING = YES;
				CLANG_WARN_BOOL_CONVERSION = YES;
				CLANG_WARN_COMMA = YES;
				CLANG_WARN_CONSTANT_CONVERSION = YES;
				CLANG_WARN_DEPRECATED_OBJC_IMPLEMENTATIONS = YES;
				CLANG_WARN_DIRECT_OBJC_ISA_USAGE = YES_ERROR;
				CLANG_WARN_DOCUMENTATION_COMMENTS = YES;
				CLANG_WARN_EMPTY_BODY = YES;
				CLANG_WARN_ENUM_CONVERSION = YES;
				CLANG_WARN_INFINITE_RECURSION = YES;
				CLANG_WARN_INT_CONVERSION = YES;
				CLANG_WARN_NON_LITERAL_NULL_CONVERSION = YES;
				CLANG_WARN_OBJC_IMPLICIT_RETAIN_SELF = YES;
				CLANG_WARN_OBJC_LITERAL_CONVERSION = YES;
				CLANG_WARN_OBJC_ROOT_CLASS = YES_ERROR;
				CLANG_WARN_QUOTED_INCLUDE_IN_FRAMEWORK_HEADER = YES;
				CLANG_WARN_RANGE_LOOP_ANALYSIS = YES;
				CLANG_WARN_STRICT_PROTOTYPES = YES;
				CLANG_WARN_SUSPICIOUS_MOVE = YES;
				CLANG_WARN_UNGUARDED_AVAILABILITY = YES_AGGRESSIVE;
				CLANG_WARN_UNREACHABLE_CODE = YES;
				CLANG_WARN__DUPLICATE_METHOD_MATCH = YES;
				CODE_SIGN_IDENTITY = "-";
				CODE_SIGN_STYLE = Automatic;
				COPY_PHASE_STRIP = NO;
				DEBUG_INFORMATION_FORMAT = "dwarf-with-dsym";
				DEVELOPMENT_TEAM = "";
				ENABLE_NS_ASSERTIONS = NO;
				ENABLE_STRICT_OBJC_MSGSEND = YES;
				GCC_C_LANGUAGE_STANDARD = gnu11;
				GCC_NO_COMMON_BLOCKS = YES;
				GCC_WARN_64_TO_32_BIT_CONVERSION = YES;
				GCC_WARN_ABOUT_RETURN_TYPE = YES_ERROR;
				GCC_WARN_UNDECLARED_SELECTOR = YES;
				GCC_WARN_UNINITIALIZED_AUTOS = YES_AGGRESSIVE;
				GCC_WARN_UNUSED_FUNCTION = YES;
				GCC_WARN_UNUSED_VARIABLE = YES;
				MACOSX_DEPLOYMENT_TARGET = 14.0;
				MTL_ENABLE_DEBUG_INFO = NO;
				MTL_FAST_MATH = YES;
				PRODUCT_BUNDLE_IDENTIFIER = com.pdffusion.app;
				PRODUCT_NAME = "$(TARGET_NAME)";
				SDKROOT = macosx;
				SWIFT_COMPILATION_MODE = wholemodule;
				SWIFT_OPTIMIZATION_LEVEL = "-O";
				SWIFT_VERSION = 5.9;
			};
			name = Release;
		};
/* End XCBuildConfiguration section */

/* Begin XCConfigurationList section */
		835866477A3A9950E0281226 /* Build configuration list for PBXNativeTarget "PDFFusion" */ = {
			isa = XCConfigurationList;
			buildConfigurations = (
				57AAFA6ED103646FAEAC6AD3 /* Debug */,
				552E0640E464C544ABEE4609 /* Release */,
			);
			defaultConfigurationIsVisible = 0;
			defaultConfigurationName = Debug;
		};
		8AF3F38289BB31448D4CCA5D /* Build configuration list for PBXProject "PDFFusion" */ = {
			isa = XCConfigurationList;
			buildConfigurations = (
				753EB092B7EB47512EC78178 /* Debug */,
				E28F6685852A3EAE9F741CD1 /* Release */,
			);
			defaultConfigurationIsVisible = 0;
			defaultConfigurationName = Debug;
		};
/* End XCConfigurationList section */
	};
	rootObject = 49C1B2CA4DC7BD88664472E6 /* Project object */;
}
